
Microsoft Visual Studio Solution File, Format Version 12.00
# Visual Studio 15
VisualStudioVersion = 15.0.27703.2026
MinimumVisualStudioVersion = 10.0.40219.1
Project("{8BC9CEB8-8B4A-11D0-8D11-00A0C91BC942}") = "TOFI", "TOFI\TOFI.vcxproj", "{ABAE13EA-3373-41A6-9347-DC469E8B1DBC}"
EndProject
Global
	GlobalSection(SolutionConfigurationPlatforms) = preSolution
		Debug|x64 = Debug|x64
		Debug|x86 = Debug|x86
		Release|x64 = Release|x64
		Release|x86 = Release|x86
	EndGlobalSection
	GlobalSection(ProjectConfigurationPlatforms) = postSolution
		{ABAE13EA-3373-41A6-9347-DC469E8B1DBC}.Debug|x64.ActiveCfg = Debug|x64
		{ABAE13EA-3373-41A6-9347-DC469E8B1DBC}.Debug|x64.Build.0 = Debug|x64
		{ABAE13EA-3373-41A6-9347-DC469E8B1DBC}.Debug|x86.ActiveCfg = Debug|Win32
		{ABAE13EA-3373-41A6-9347-DC469E8B1DBC}.Debug|x86.Build.0 = Debug|Win32
		{ABAE13EA-3373-41A6-9347-DC469E8B1DBC}.Release|x64.ActiveCfg = Release|x64
		{ABAE13EA-3373-41A6-9347-DC469E8B1DBC}.Release|x64.Build.0 = Release|x64
		{ABAE13EA-3373-41A6-9347-DC469E8B1DBC}.Release|x86.ActiveCfg = Release|Win32
		{ABAE13EA-3373-41A6-9347-DC469E8B1DBC}.Release|x86.Build.0 = Release|Win32
	EndGlobalSection
	GlobalSection(SolutionProperties) = preSolution
		HideSolutionNode = FALSE
	EndGlobalSection
	GlobalSection(ExtensibilityGlobals) = postSolution
		SolutionGuid = {208B7908-F332-4142-8FFC-9FE15C3AAA2F}
	EndGlobalSection
EndGlobal
